# THIS IS AN AUTOGENERATED FILE. DO NOT EDIT THIS FILE DIRECTLY.
# yarn lockfile v1


"@aws-cdk/assets@^0.21.0":
  version "0.21.0"
  resolved "https://registry.yarnpkg.com/@aws-cdk/assets/-/assets-0.21.0.tgz#76bdce4c65eb849b04fb9f2b35ef4dfb358cb43b"
  integrity sha512-R76ZXkpNGn/ozqhfkwTGlWceFyCbOLUb1C8hNDm5DSBYg8aF+IR3Tnj6bNCR2KYcTG2j9VwCsStcQ6KbPE7Rlw==
  dependencies:
    "@aws-cdk/aws-iam" "^0.21.0"
    "@aws-cdk/aws-s3" "^0.21.0"
    "@aws-cdk/cdk" "^0.21.0"
    "@aws-cdk/cx-api" "^0.21.0"

"@aws-cdk/aws-autoscaling-api@^0.21.0":
  version "0.21.0"
  resolved "https://registry.yarnpkg.com/@aws-cdk/aws-autoscaling-api/-/aws-autoscaling-api-0.21.0.tgz#68c5b572f44b44aff95df334c8044b4d9860998c"
  integrity sha512-oQNmoX7eJoMSMEyN98aM4yZlm16zovREm/D7Eif+Ba0gF//10MFsB+nmZYZCeSeK91EF/qS7/BL+3QGisVmjnQ==
  dependencies:
    "@aws-cdk/aws-iam" "^0.21.0"
    "@aws-cdk/cdk" "^0.21.0"

"@aws-cdk/aws-cloudwatch@^0.21.0":
  version "0.21.0"
  resolved "https://registry.yarnpkg.com/@aws-cdk/aws-cloudwatch/-/aws-cloudwatch-0.21.0.tgz#533d19e9deaba49d80d225655aacea19715e2418"
  integrity sha512-6tejpgGI7O27qiAIYBLhB3el+4LYb3ktZ8nBWhRmxibv6XrX6Vqqs50ZflDUE6wZ1tyS0qWapF705h7Tzz+QTA==
  dependencies:
    "@aws-cdk/aws-iam" "^0.21.0"
    "@aws-cdk/cdk" "^0.21.0"

"@aws-cdk/aws-codepipeline-api@^0.21.0":
  version "0.21.0"
  resolved "https://registry.yarnpkg.com/@aws-cdk/aws-codepipeline-api/-/aws-codepipeline-api-0.21.0.tgz#745bebee3d7cf365d40de0d447518c441a5bcc7e"
  integrity sha512-rUGfCIyyy33hqeNGrFchemiwhPEaoDZkCzPyVhCiRKaeB9wwvaB1A2x4XCs8GKlY8MrNOG5U/yCven0+u8uw2A==
  dependencies:
    "@aws-cdk/aws-events" "^0.21.0"
    "@aws-cdk/aws-iam" "^0.21.0"
    "@aws-cdk/cdk" "^0.21.0"

"@aws-cdk/aws-ec2@^0.21.0":
  version "0.21.0"
  resolved "https://registry.yarnpkg.com/@aws-cdk/aws-ec2/-/aws-ec2-0.21.0.tgz#1c9a69ac6a05cbee24b2e836bea7ec79701e9f17"
  integrity sha512-vHCPz2glW/ahXn6jDjOM2FEtk0x0MoHiUgk/8ifisWKP6V0iGn1JQawu+dCzfDgn6e9gwUT+LVuvbx4rs2gt1A==
  dependencies:
    "@aws-cdk/aws-iam" "^0.21.0"
    "@aws-cdk/cdk" "^0.21.0"
    "@aws-cdk/cx-api" "^0.21.0"

"@aws-cdk/aws-events@^0.21.0":
  version "0.21.0"
  resolved "https://registry.yarnpkg.com/@aws-cdk/aws-events/-/aws-events-0.21.0.tgz#d84545691c261fa95d8243168fd9cd6c668200df"
  integrity sha512-dDwXIWm1rbduIvjl6et3lXB01X7hbprJjIwo1PuzpwSQxb0m1B4yZbiCioroSPC/rpvsdIZ9BBSNRfQOudFfJA==
  dependencies:
    "@aws-cdk/aws-iam" "^0.21.0"
    "@aws-cdk/cdk" "^0.21.0"

"@aws-cdk/aws-iam@^0.21.0":
  version "0.21.0"
  resolved "https://registry.yarnpkg.com/@aws-cdk/aws-iam/-/aws-iam-0.21.0.tgz#7e2fd11ede5cf6e5e8d4a3e58afaaef5f33380fa"
  integrity sha512-xtkOY3ZWyY304hzcbV5NczXcyRb6064C6UsnzBEOKeYki+0Tq5XeDdRgDBaHe3l8librQJhhxZoXl8vWtFvLJQ==
  dependencies:
    "@aws-cdk/cdk" "^0.21.0"

"@aws-cdk/aws-kms@^0.21.0":
  version "0.21.0"
  resolved "https://registry.yarnpkg.com/@aws-cdk/aws-kms/-/aws-kms-0.21.0.tgz#4726fdb8b7b5537118c35e9a4fb961223e7dd8f6"
  integrity sha512-fuvbtR6qSpOVs1xQoPiNTm89zSIC3sGd/C8/+Vm1vfi19tvQ5koI5qeA6UBBpsKP5vlZR91brDRCeuWY15LJCw==
  dependencies:
    "@aws-cdk/aws-iam" "^0.21.0"
    "@aws-cdk/cdk" "^0.21.0"

"@aws-cdk/aws-lambda@^0.21.0":
  version "0.21.0"
  resolved "https://registry.yarnpkg.com/@aws-cdk/aws-lambda/-/aws-lambda-0.21.0.tgz#0d64798b4325befa7e9168e4b00a547e517510d0"
  integrity sha512-UShTISBa3BfGdZk9ej8bGXselo4TxsH3IYBwBBSHy4y4QYnRBr2ViR8GELqOgGU3c2xHe2uFf+m/ZXQmUUDWbw==
  dependencies:
    "@aws-cdk/assets" "^0.21.0"
    "@aws-cdk/aws-cloudwatch" "^0.21.0"
    "@aws-cdk/aws-codepipeline-api" "^0.21.0"
    "@aws-cdk/aws-ec2" "^0.21.0"
    "@aws-cdk/aws-events" "^0.21.0"
    "@aws-cdk/aws-iam" "^0.21.0"
    "@aws-cdk/aws-logs" "^0.21.0"
    "@aws-cdk/aws-s3" "^0.21.0"
    "@aws-cdk/aws-s3-notifications" "^0.21.0"
    "@aws-cdk/aws-sqs" "^0.21.0"
    "@aws-cdk/aws-stepfunctions" "^0.21.0"
    "@aws-cdk/cdk" "^0.21.0"
    "@aws-cdk/cx-api" "^0.21.0"

"@aws-cdk/aws-logs@^0.21.0":
  version "0.21.0"
  resolved "https://registry.yarnpkg.com/@aws-cdk/aws-logs/-/aws-logs-0.21.0.tgz#138b3e61f11c25ce17a94fc64c79ece41abfb4b1"
  integrity sha512-E/Q+YicXWgGZUm6hx3gCcaJpfl/1l7121otr7GMSWbXz0airhM9yeakQKMyI7OJUQZk6EWOJRSkxa63Zaj/8iA==
  dependencies:
    "@aws-cdk/aws-cloudwatch" "^0.21.0"
    "@aws-cdk/aws-iam" "^0.21.0"
    "@aws-cdk/cdk" "^0.21.0"

"@aws-cdk/aws-s3-notifications@^0.21.0":
  version "0.21.0"
  resolved "https://registry.yarnpkg.com/@aws-cdk/aws-s3-notifications/-/aws-s3-notifications-0.21.0.tgz#162d2bf4493d45ccb118f0ba0d764495114b16d1"
  integrity sha512-MdIlaPtqX6PF18vvG+Q7nGR8it7HaHZOqLayEwz9EBgYcT39H6QUMs8gAcPcA1Ch6hJFfE/JXoTr2taVUXNvuw==
  dependencies:
    "@aws-cdk/cdk" "^0.21.0"

"@aws-cdk/aws-s3@^0.21.0":
  version "0.21.0"
  resolved "https://registry.yarnpkg.com/@aws-cdk/aws-s3/-/aws-s3-0.21.0.tgz#dc32ba53bb06d9e1b5ad2fecb8d316bb5942fac1"
  integrity sha512-3mqH3CO6pCXV/pT9rIfPqhG0w7nCLE8Mq7oqM82YCP5TXWFjzAIkuNFnGh4AE1/LmEVS0S3ngTQ7dmRF1A+STw==
  dependencies:
    "@aws-cdk/aws-codepipeline-api" "^0.21.0"
    "@aws-cdk/aws-iam" "^0.21.0"
    "@aws-cdk/aws-kms" "^0.21.0"
    "@aws-cdk/aws-s3-notifications" "^0.21.0"
    "@aws-cdk/cdk" "^0.21.0"

"@aws-cdk/aws-sqs@^0.21.0":
  version "0.21.0"
  resolved "https://registry.yarnpkg.com/@aws-cdk/aws-sqs/-/aws-sqs-0.21.0.tgz#c7f7843d4a4fa18dc69e2fb443f1467500a40941"
  integrity sha512-7mTDi9/JHhXEu6Q2pLHP+OqrjeKRPBlODDp2AIDVZNKzrt8J4Cm3MqytJeIB3q9DZypMoxndleWZIUcDcxRX/Q==
  dependencies:
    "@aws-cdk/aws-autoscaling-api" "^0.21.0"
    "@aws-cdk/aws-iam" "^0.21.0"
    "@aws-cdk/aws-kms" "^0.21.0"
    "@aws-cdk/aws-s3-notifications" "^0.21.0"
    "@aws-cdk/cdk" "^0.21.0"

"@aws-cdk/aws-stepfunctions@^0.21.0":
  version "0.21.0"
  resolved "https://registry.yarnpkg.com/@aws-cdk/aws-stepfunctions/-/aws-stepfunctions-0.21.0.tgz#bf218deba4aa0414e1b38731f38ca3a668663c1d"
  integrity sha512-dg9hIEX/r32WADyFNfefm6eWnL9AeuNasswRXEQOr3Ap5nAFsJWGOEwUYqpSV1GX7JkXfGBLPJ4gzBSPEEmOew==
  dependencies:
    "@aws-cdk/aws-cloudwatch" "^0.21.0"
    "@aws-cdk/aws-events" "^0.21.0"
    "@aws-cdk/aws-iam" "^0.21.0"
    "@aws-cdk/cdk" "^0.21.0"

"@aws-cdk/cdk@^0.21.0":
  version "0.21.0"
  resolved "https://registry.yarnpkg.com/@aws-cdk/cdk/-/cdk-0.21.0.tgz#0679e7063fdd52911cc524735aa37e9fdb201acf"
  integrity sha512-Oq3jhRlumyWpJqG5xEXODmLG9GYP9oRCelnREOmnJ2qT/BQLF3pK1P8xruhHchn18FKCmKCRwzjHnvApdtVanw==
  dependencies:
    "@aws-cdk/cx-api" "^0.21.0"
    js-base64 "^2.4.5"
    json-diff "^0.3.1"

"@aws-cdk/cx-api@^0.21.0":
  version "0.21.0"
  resolved "https://registry.yarnpkg.com/@aws-cdk/cx-api/-/cx-api-0.21.0.tgz#d07821d25ad8de850d606772cf74fdf7d05c5c57"
  integrity sha512-R6/SkHeF0XLCjjO6BTGERzW597UwhUm080/KT5FfmkevYq/9uZkZW0APFbXtuwOVFcWaehHb4ENVJPOkaMaPFA==

cli-color@~0.1.6:
  version "0.1.7"
  resolved "https://registry.yarnpkg.com/cli-color/-/cli-color-0.1.7.tgz#adc3200fa471cc211b0da7f566b71e98b9d67347"
  integrity sha1-rcMgD6RxzCEbDaf1ZrcemLnWc0c=
  dependencies:
    es5-ext "0.8.x"

difflib@~0.2.1:
  version "0.2.4"
  resolved "https://registry.yarnpkg.com/difflib/-/difflib-0.2.4.tgz#b5e30361a6db023176d562892db85940a718f47e"
  integrity sha1-teMDYabbAjF21WKJLbhZQKcY9H4=
  dependencies:
    heap ">= 0.2.0"

dreamopt@~0.6.0:
  version "0.6.0"
  resolved "https://registry.yarnpkg.com/dreamopt/-/dreamopt-0.6.0.tgz#d813ccdac8d39d8ad526775514a13dda664d6b4b"
  integrity sha1-2BPM2sjTnYrVJndVFKE92mZNa0s=
  dependencies:
    wordwrap ">=0.0.2"

es5-ext@0.8.x:
  version "0.8.2"
  resolved "https://registry.yarnpkg.com/es5-ext/-/es5-ext-0.8.2.tgz#aba8d9e1943a895ac96837a62a39b3f55ecd94ab"
  integrity sha1-q6jZ4ZQ6iVrJaDemKjmz9V7NlKs=

"heap@>= 0.2.0":
  version "0.2.6"
  resolved "https://registry.yarnpkg.com/heap/-/heap-0.2.6.tgz#087e1f10b046932fc8594dd9e6d378afc9d1e5ac"
  integrity sha1-CH4fELBGky/IWU3Z5tN4r8nR5aw=

js-base64@^2.4.5:
  version "2.5.0"
  resolved "https://registry.yarnpkg.com/js-base64/-/js-base64-2.5.0.tgz#42255ba183ab67ce59a0dee640afdc00ab5ae93e"
  integrity sha512-wlEBIZ5LP8usDylWbDNhKPEFVFdI5hCHpnVoT/Ysvoi/PRhJENm/Rlh9TvjYB38HFfKZN7OzEbRjmjvLkFw11g==

json-diff@^0.3.1:
  version "0.3.1"
  resolved "https://registry.yarnpkg.com/json-diff/-/json-diff-0.3.1.tgz#6dbc3ae2d25e075a7fd71bcd9874458666fb681b"
  integrity sha1-bbw64tJeB1p/1xvNmHRFhmb7aBs=
  dependencies:
    cli-color "~0.1.6"
    difflib "~0.2.1"
    dreamopt "~0.6.0"

wordwrap@>=0.0.2:
  version "1.0.0"
  resolved "https://registry.yarnpkg.com/wordwrap/-/wordwrap-1.0.0.tgz#27584810891456a4171c8d0226441ade90cbcaeb"
  integrity sha1-J1hIEIkUVqQXHI0CJkQa3pDLyus=
