# THIS IS AN AUTOGENERATED FILE. DO NOT EDIT THIS FILE DIRECTLY.
# yarn lockfile v1


"@aws-cdk/aws-codepipeline-api@^0.21.0":
  version "0.21.0"
  resolved "https://registry.yarnpkg.com/@aws-cdk/aws-codepipeline-api/-/aws-codepipeline-api-0.21.0.tgz#745bebee3d7cf365d40de0d447518c441a5bcc7e"
  integrity sha512-rUGfCIyyy33hqeNGrFchemiwhPEaoDZkCzPyVhCiRKaeB9wwvaB1A2x4XCs8GKlY8MrNOG5U/yCven0+u8uw2A==
  dependencies:
    "@aws-cdk/aws-events" "^0.21.0"
    "@aws-cdk/aws-iam" "^0.21.0"
    "@aws-cdk/cdk" "^0.21.0"

"@aws-cdk/aws-events@^0.21.0":
  version "0.21.0"
  resolved "https://registry.yarnpkg.com/@aws-cdk/aws-events/-/aws-events-0.21.0.tgz#d84545691c261fa95d8243168fd9cd6c668200df"
  integrity sha512-dDwXIWm1rbduIvjl6et3lXB01X7hbprJjIwo1PuzpwSQxb0m1B4yZbiCioroSPC/rpvsdIZ9BBSNRfQOudFfJA==
  dependencies:
    "@aws-cdk/aws-iam" "^0.21.0"
    "@aws-cdk/cdk" "^0.21.0"

"@aws-cdk/aws-iam@^0.21.0":
  version "0.21.0"
  resolved "https://registry.yarnpkg.com/@aws-cdk/aws-iam/-/aws-iam-0.21.0.tgz#7e2fd11ede5cf6e5e8d4a3e58afaaef5f33380fa"
  integrity sha512-xtkOY3ZWyY304hzcbV5NczXcyRb6064C6UsnzBEOKeYki+0Tq5XeDdRgDBaHe3l8librQJhhxZoXl8vWtFvLJQ==
  dependencies:
    "@aws-cdk/cdk" "^0.21.0"

"@aws-cdk/aws-kms@^0.21.0":
  version "0.21.0"
  resolved "https://registry.yarnpkg.com/@aws-cdk/aws-kms/-/aws-kms-0.21.0.tgz#4726fdb8b7b5537118c35e9a4fb961223e7dd8f6"
  integrity sha512-fuvbtR6qSpOVs1xQoPiNTm89zSIC3sGd/C8/+Vm1vfi19tvQ5koI5qeA6UBBpsKP5vlZR91brDRCeuWY15LJCw==
  dependencies:
    "@aws-cdk/aws-iam" "^0.21.0"
    "@aws-cdk/cdk" "^0.21.0"

"@aws-cdk/aws-s3-notifications@^0.21.0":
  version "0.21.0"
  resolved "https://registry.yarnpkg.com/@aws-cdk/aws-s3-notifications/-/aws-s3-notifications-0.21.0.tgz#162d2bf4493d45ccb118f0ba0d764495114b16d1"
  integrity sha512-MdIlaPtqX6PF18vvG+Q7nGR8it7HaHZOqLayEwz9EBgYcT39H6QUMs8gAcPcA1Ch6hJFfE/JXoTr2taVUXNvuw==
  dependencies:
    "@aws-cdk/cdk" "^0.21.0"

"@aws-cdk/aws-s3@^0.21.0":
  version "0.21.0"
  resolved "https://registry.yarnpkg.com/@aws-cdk/aws-s3/-/aws-s3-0.21.0.tgz#dc32ba53bb06d9e1b5ad2fecb8d316bb5942fac1"
  integrity sha512-3mqH3CO6pCXV/pT9rIfPqhG0w7nCLE8Mq7oqM82YCP5TXWFjzAIkuNFnGh4AE1/LmEVS0S3ngTQ7dmRF1A+STw==
  dependencies:
    "@aws-cdk/aws-codepipeline-api" "^0.21.0"
    "@aws-cdk/aws-iam" "^0.21.0"
    "@aws-cdk/aws-kms" "^0.21.0"
    "@aws-cdk/aws-s3-notifications" "^0.21.0"
    "@aws-cdk/cdk" "^0.21.0"

"@aws-cdk/cdk@^0.21.0":
  version "0.21.0"
  resolved "https://registry.yarnpkg.com/@aws-cdk/cdk/-/cdk-0.21.0.tgz#0679e7063fdd52911cc524735aa37e9fdb201acf"
  integrity sha512-Oq3jhRlumyWpJqG5xEXODmLG9GYP9oRCelnREOmnJ2qT/BQLF3pK1P8xruhHchn18FKCmKCRwzjHnvApdtVanw==
  dependencies:
    "@aws-cdk/cx-api" "^0.21.0"
    js-base64 "^2.4.5"
    json-diff "^0.3.1"

"@aws-cdk/cx-api@^0.21.0":
  version "0.21.0"
  resolved "https://registry.yarnpkg.com/@aws-cdk/cx-api/-/cx-api-0.21.0.tgz#d07821d25ad8de850d606772cf74fdf7d05c5c57"
  integrity sha512-R6/SkHeF0XLCjjO6BTGERzW597UwhUm080/KT5FfmkevYq/9uZkZW0APFbXtuwOVFcWaehHb4ENVJPOkaMaPFA==

cli-color@~0.1.6:
  version "0.1.7"
  resolved "https://registry.yarnpkg.com/cli-color/-/cli-color-0.1.7.tgz#adc3200fa471cc211b0da7f566b71e98b9d67347"
  integrity sha1-rcMgD6RxzCEbDaf1ZrcemLnWc0c=
  dependencies:
    es5-ext "0.8.x"

difflib@~0.2.1:
  version "0.2.4"
  resolved "https://registry.yarnpkg.com/difflib/-/difflib-0.2.4.tgz#b5e30361a6db023176d562892db85940a718f47e"
  integrity sha1-teMDYabbAjF21WKJLbhZQKcY9H4=
  dependencies:
    heap ">= 0.2.0"

dreamopt@~0.6.0:
  version "0.6.0"
  resolved "https://registry.yarnpkg.com/dreamopt/-/dreamopt-0.6.0.tgz#d813ccdac8d39d8ad526775514a13dda664d6b4b"
  integrity sha1-2BPM2sjTnYrVJndVFKE92mZNa0s=
  dependencies:
    wordwrap ">=0.0.2"

es5-ext@0.8.x:
  version "0.8.2"
  resolved "https://registry.yarnpkg.com/es5-ext/-/es5-ext-0.8.2.tgz#aba8d9e1943a895ac96837a62a39b3f55ecd94ab"
  integrity sha1-q6jZ4ZQ6iVrJaDemKjmz9V7NlKs=

"heap@>= 0.2.0":
  version "0.2.6"
  resolved "https://registry.yarnpkg.com/heap/-/heap-0.2.6.tgz#087e1f10b046932fc8594dd9e6d378afc9d1e5ac"
  integrity sha1-CH4fELBGky/IWU3Z5tN4r8nR5aw=

js-base64@^2.4.5:
  version "2.5.0"
  resolved "https://registry.yarnpkg.com/js-base64/-/js-base64-2.5.0.tgz#42255ba183ab67ce59a0dee640afdc00ab5ae93e"
  integrity sha512-wlEBIZ5LP8usDylWbDNhKPEFVFdI5hCHpnVoT/Ysvoi/PRhJENm/Rlh9TvjYB38HFfKZN7OzEbRjmjvLkFw11g==

json-diff@^0.3.1:
  version "0.3.1"
  resolved "https://registry.yarnpkg.com/json-diff/-/json-diff-0.3.1.tgz#6dbc3ae2d25e075a7fd71bcd9874458666fb681b"
  integrity sha1-bbw64tJeB1p/1xvNmHRFhmb7aBs=
  dependencies:
    cli-color "~0.1.6"
    difflib "~0.2.1"
    dreamopt "~0.6.0"

wordwrap@>=0.0.2:
  version "1.0.0"
  resolved "https://registry.yarnpkg.com/wordwrap/-/wordwrap-1.0.0.tgz#27584810891456a4171c8d0226441ade90cbcaeb"
  integrity sha1-J1hIEIkUVqQXHI0CJkQa3pDLyus=
