# THIS IS AN AUTOGENERATED FILE. DO NOT EDIT THIS FILE DIRECTLY.
# yarn lockfile v1


"@aws-cdk/aws-applicationautoscaling@^0.21.0":
  version "0.21.0"
  resolved "https://registry.yarnpkg.com/@aws-cdk/aws-applicationautoscaling/-/aws-applicationautoscaling-0.21.0.tgz#b8db47af44cfaff2bc47adc4a0372ec947f8b26a"
  integrity sha512-Z2EyHi932fDOhMPSTCfkoXhdfybWNeI+F5iRFF/ecKMbqST8jN7Tyto9Ga+mjPSZp2MizK3XG17Yh9duaExbVw==
  dependencies:
    "@aws-cdk/aws-autoscaling-common" "^0.21.0"
    "@aws-cdk/aws-cloudwatch" "^0.21.0"
    "@aws-cdk/aws-iam" "^0.21.0"
    "@aws-cdk/cdk" "^0.21.0"

"@aws-cdk/aws-autoscaling-common@^0.21.0":
  version "0.21.0"
  resolved "https://registry.yarnpkg.com/@aws-cdk/aws-autoscaling-common/-/aws-autoscaling-common-0.21.0.tgz#ffb235766abdf0d1fee81d7eb1bcf1d8aaa00627"
  integrity sha512-gpDxT4/jRYJBOH2Y5wUngp/9xle6A3GI7UNvENQCvKrhpDm3KZ6q4dYcXQ3kGGKBU2Av9OS8/XSH66OrdmQGbw==
  dependencies:
    "@aws-cdk/aws-iam" "^0.21.0"
    "@aws-cdk/cdk" "^0.21.0"

"@aws-cdk/aws-cloudwatch@^0.21.0":
  version "0.21.0"
  resolved "https://registry.yarnpkg.com/@aws-cdk/aws-cloudwatch/-/aws-cloudwatch-0.21.0.tgz#533d19e9deaba49d80d225655aacea19715e2418"
  integrity sha512-6tejpgGI7O27qiAIYBLhB3el+4LYb3ktZ8nBWhRmxibv6XrX6Vqqs50ZflDUE6wZ1tyS0qWapF705h7Tzz+QTA==
  dependencies:
    "@aws-cdk/aws-iam" "^0.21.0"
    "@aws-cdk/cdk" "^0.21.0"

"@aws-cdk/aws-dynamodb@^0.21.0":
  version "0.21.0"
  resolved "https://registry.yarnpkg.com/@aws-cdk/aws-dynamodb/-/aws-dynamodb-0.21.0.tgz#e7241b9122b31f3d8d9d3d4f89c5db173ed45a20"
  integrity sha512-nm2mug4vuKyC0i6pbAA5cWIdaaMdWP1WnEwBfp1RIFCfzh1gMEsE3Q0yW3xMJik2c01YDCKCWJDV5PrOzZAnJg==
  dependencies:
    "@aws-cdk/aws-applicationautoscaling" "^0.21.0"
    "@aws-cdk/aws-iam" "^0.21.0"
    "@aws-cdk/cdk" "^0.21.0"

"@aws-cdk/aws-iam@^0.21.0":
  version "0.21.0"
  resolved "https://registry.yarnpkg.com/@aws-cdk/aws-iam/-/aws-iam-0.21.0.tgz#7e2fd11ede5cf6e5e8d4a3e58afaaef5f33380fa"
  integrity sha512-xtkOY3ZWyY304hzcbV5NczXcyRb6064C6UsnzBEOKeYki+0Tq5XeDdRgDBaHe3l8librQJhhxZoXl8vWtFvLJQ==
  dependencies:
    "@aws-cdk/cdk" "^0.21.0"

"@aws-cdk/cdk@^0.21.0":
  version "0.21.0"
  resolved "https://registry.yarnpkg.com/@aws-cdk/cdk/-/cdk-0.21.0.tgz#0679e7063fdd52911cc524735aa37e9fdb201acf"
  integrity sha512-Oq3jhRlumyWpJqG5xEXODmLG9GYP9oRCelnREOmnJ2qT/BQLF3pK1P8xruhHchn18FKCmKCRwzjHnvApdtVanw==
  dependencies:
    "@aws-cdk/cx-api" "^0.21.0"
    js-base64 "^2.4.5"
    json-diff "^0.3.1"

"@aws-cdk/cx-api@^0.21.0":
  version "0.21.0"
  resolved "https://registry.yarnpkg.com/@aws-cdk/cx-api/-/cx-api-0.21.0.tgz#d07821d25ad8de850d606772cf74fdf7d05c5c57"
  integrity sha512-R6/SkHeF0XLCjjO6BTGERzW597UwhUm080/KT5FfmkevYq/9uZkZW0APFbXtuwOVFcWaehHb4ENVJPOkaMaPFA==

cli-color@~0.1.6:
  version "0.1.7"
  resolved "https://registry.yarnpkg.com/cli-color/-/cli-color-0.1.7.tgz#adc3200fa471cc211b0da7f566b71e98b9d67347"
  integrity sha1-rcMgD6RxzCEbDaf1ZrcemLnWc0c=
  dependencies:
    es5-ext "0.8.x"

difflib@~0.2.1:
  version "0.2.4"
  resolved "https://registry.yarnpkg.com/difflib/-/difflib-0.2.4.tgz#b5e30361a6db023176d562892db85940a718f47e"
  integrity sha1-teMDYabbAjF21WKJLbhZQKcY9H4=
  dependencies:
    heap ">= 0.2.0"

dreamopt@~0.6.0:
  version "0.6.0"
  resolved "https://registry.yarnpkg.com/dreamopt/-/dreamopt-0.6.0.tgz#d813ccdac8d39d8ad526775514a13dda664d6b4b"
  integrity sha1-2BPM2sjTnYrVJndVFKE92mZNa0s=
  dependencies:
    wordwrap ">=0.0.2"

es5-ext@0.8.x:
  version "0.8.2"
  resolved "https://registry.yarnpkg.com/es5-ext/-/es5-ext-0.8.2.tgz#aba8d9e1943a895ac96837a62a39b3f55ecd94ab"
  integrity sha1-q6jZ4ZQ6iVrJaDemKjmz9V7NlKs=

"heap@>= 0.2.0":
  version "0.2.6"
  resolved "https://registry.yarnpkg.com/heap/-/heap-0.2.6.tgz#087e1f10b046932fc8594dd9e6d378afc9d1e5ac"
  integrity sha1-CH4fELBGky/IWU3Z5tN4r8nR5aw=

js-base64@^2.4.5:
  version "2.5.0"
  resolved "https://registry.yarnpkg.com/js-base64/-/js-base64-2.5.0.tgz#42255ba183ab67ce59a0dee640afdc00ab5ae93e"
  integrity sha512-wlEBIZ5LP8usDylWbDNhKPEFVFdI5hCHpnVoT/Ysvoi/PRhJENm/Rlh9TvjYB38HFfKZN7OzEbRjmjvLkFw11g==

json-diff@^0.3.1:
  version "0.3.1"
  resolved "https://registry.yarnpkg.com/json-diff/-/json-diff-0.3.1.tgz#6dbc3ae2d25e075a7fd71bcd9874458666fb681b"
  integrity sha1-bbw64tJeB1p/1xvNmHRFhmb7aBs=
  dependencies:
    cli-color "~0.1.6"
    difflib "~0.2.1"
    dreamopt "~0.6.0"

wordwrap@>=0.0.2:
  version "1.0.0"
  resolved "https://registry.yarnpkg.com/wordwrap/-/wordwrap-1.0.0.tgz#27584810891456a4171c8d0226441ade90cbcaeb"
  integrity sha1-J1hIEIkUVqQXHI0CJkQa3pDLyus=
