{
  "name": "activate-rule-set",
  "version": "1.0.0",
  "lockfileVersion": 1,
  "requires": true,
  "dependencies": {
    "cfn-custom-resource": {
      "version": "4.0.9",
      "resolved": "https://registry.npmjs.org/cfn-custom-resource/-/cfn-custom-resource-4.0.9.tgz",
      "integrity": "sha512-MK0B9rKN72AbMjF2zWqbhcPA+J+8kN1LbgHSS7jCnR8y0L+UDcTEftq1YmeJMkpSxPVac1qrTP6gL0Ye1a0w2A=="
    }
  }
}
